Microsoft Visual Studio Solution File, Format Version 11.00
# Visual Studio 2008

Project("{99303459-5845-A846-10AA-936021426A35}") = "dont let family catch you", "Assembly-CSharp.csproj", "{F9270F04-35ED-4581-014C-4FF8750B7BB6}"
EndProject
Global
	GlobalSection(SolutionConfigurationPlatforms) = preSolution
		Debug|Any CPU = Debug|Any CPU
		Release|Any CPU = Release|Any CPU
	EndGlobalSection
	GlobalSection(ProjectConfigurationPlatforms) = postSolution
		{F9270F04-35ED-4581-014C-4FF8750B7BB6}.Debug|Any CPU.ActiveCfg = Debug|Any CPU
		{F9270F04-35ED-4581-014C-4FF8750B7BB6}.Debug|Any CPU.Build.0 = Debug|Any CPU
		{F9270F04-35ED-4581-014C-4FF8750B7BB6}.Release|Any CPU.ActiveCfg = Release|Any CPU
		{F9270F04-35ED-4581-014C-4FF8750B7BB6}.Release|Any CPU.Build.0 = Release|Any CPU
	EndGlobalSection
	GlobalSection(SolutionProperties) = preSolution
		HideSolutionNode = FALSE
	EndGlobalSection
	GlobalSection(MonoDevelopProperties) = preSolution
		StartupItem = Assembly-CSharp.csproj
	EndGlobalSection
EndGlobal
